<?xml version="1.0" encoding="utf-8"?>
<Project ToolsVersion="4.0" xmlns="http://schemas.microsoft.com/developer/msbuild/2003">
  <ItemGroup>
    <ClCompile Include="bomb.cpp" />
    <ClCompile Include="Entity.cpp" />
    <ClCompile Include="Flashlight.cpp" />
    <ClCompile Include="Framework\console.cpp" />
    <ClCompile Include="Framework\timer.cpp" />
    <ClCompile Include="game.cpp" />
    <ClCompile Include="guard.cpp" />
    <ClCompile Include="main.cpp" />
    <ClCompile Include="MapMaker.cpp" />
    <ClCompile Include="Player.cpp" />
    <ClCompile Include="Sound.cpp" />
    <ClCompile Include="rope.cpp" />
    <ClCompile Include="hud.cpp" />
    <ClCompile Include="Level.cpp" />
    <ClCompile Include="Exit.cpp" />
  </ItemGroup>
  <ItemGroup>
    <ClCompile Include="main.cpp">
      <Filter>Source Files</Filter>
    </ClCompile>
    <ClCompile Include="Framework\console.cpp">
      <Filter>Source Files\Framework</Filter>
    </ClCompile>
    <ClCompile Include="Framework\timer.cpp">
      <Filter>Source Files\Framework</Filter>
    </ClCompile>
    <ClCompile Include="game.cpp">
      <Filter>Source Files</Filter>
    </ClCompile>
    <ClCompile Include="MapMaker.cpp">
      <Filter>Source Files</Filter>
    </ClCompile>
    <ClCompile Include="Entity.cpp">
      <Filter>Source Files</Filter>
    </ClCompile>
    <ClCompile Include="Player.cpp">
      <Filter>Source Files</Filter>
    </ClCompile>
    <ClCompile Include="guard.cpp">
      <Filter>Source Files</Filter>
    </ClCompile>
  </ItemGroup>
  <ItemGroup>
    <ClInclude Include="Entity.h" />
    <ClInclude Include="Framework\console.h" />
    <ClInclude Include="Framework\timer.h" />
    <ClInclude Include="game.h" />
    <ClInclude Include="guard.h" />
    <ClInclude Include="Level.h" />
    <ClInclude Include="MapMaker.h" />
    <ClInclude Include="Player.h" />
    <ClInclude Include="Exit.h" />
  </ItemGroup>
  <ItemGroup>
    <ClInclude Include="bomb.h" />
    <ClInclude Include="Entity.h" />
    <ClInclude Include="Flashlight.h" />
    <ClInclude Include="Framework\console.h" />
    <ClInclude Include="Framework\timer.h" />
    <ClInclude Include="game.h" />
    <ClInclude Include="guard.h" />
    <ClInclude Include="MapMaker.h" />
    <ClInclude Include="Player.h" />
    <ClInclude Include="Sound.h" />
    <ClInclude Include="Rope.h" />
    <ClInclude Include="HUD.h" />
  </ItemGroup>
  <ItemGroup>
    <Text Include="..\..\..\..\Desktop\HUD test.txt" />
    <Text Include="..\..\..\..\Desktop\HUD test.txt" />
  </ItemGroup>
</Project>